Microsoft Visual Studio Solution File, Format Version 12.00
Project("{FAE04EC0-301F-11D3-BF4B-00C04F79EFBC}") = "AlmightyShogun.Logging", "packages\AlmightyShogun.Logging\AlmightyShogun.Logging.csproj", "{0C368E81-82A1-4816-955F-CDC1092DD18A}"
EndProject
Project("{FAE04EC0-301F-11D3-BF4B-00C04F79EFBC}") = "AlmightyShogun.ConsoleCommands", "packages\AlmightyShogun.ConsoleCommands\AlmightyShogun.ConsoleCommands.csproj", "{5FA5B680-428A-409C-B6B1-DF4786E45014}"
EndProject
Project("{FAE04EC0-301F-11D3-BF4B-00C04F79EFBC}") = "AlmightyShogun.RemoteCommands", "packages\AlmightyShogun.RemoteCommands\AlmightyShogun.RemoteCommands.csproj", "{D174D8BF-793B-4BBC-B77D-A3D0B0114D56}"
EndProject
Project("{FAE04EC0-301F-11D3-BF4B-00C04F79EFBC}") = "AlmightyShogun.Utils", "packages\AlmightyShogun.Utils\AlmightyShogun.Utils.csproj", "{0B7D72CD-5FB3-4FB9-BBDB-C57F83EB40E3}"
EndProject
Project("{FAE04EC0-301F-11D3-BF4B-00C04F79EFBC}") = "AlmightyShogun.Hosting.Utils", "packages\AlmightyShogun.Hosting.Utils\AlmightyShogun.Hosting.Utils.csproj", "{DA5B39A2-ED24-4BE7-8549-13644820F71A}"
EndProject
Project("{FAE04EC0-301F-11D3-BF4B-00C04F79EFBC}") = "AlmightyShogun.EntityFrameworkCore.Utils", "packages\AlmightyShogun.EntityFrameworkCore.Utils\AlmightyShogun.EntityFrameworkCore.Utils.csproj", "{CBEF0305-01AA-40E1-AEC9-60B45491A8CD}"
EndProject
Project("{FAE04EC0-301F-11D3-BF4B-00C04F79EFBC}") = "AlmightyShogun.Hangfire.Utils", "packages\AlmightyShogun.Hangfire.Utils\AlmightyShogun.Hangfire.Utils.csproj", "{AC325276-78F1-47FA-9101-F952865FA323}"
EndProject
Project("{FAE04EC0-301F-11D3-BF4B-00C04F79EFBC}") = "AlmightyShogun.AspNet.Utils", "packages\AlmightyShogun.AspNet.Utils\AlmightyShogun.AspNet.Utils.csproj", "{538FD222-34DF-46E5-ADD8-5606E7F2C86D}"
EndProject
Project("{FAE04EC0-301F-11D3-BF4B-00C04F79EFBC}") = "AlmightyShogun.AspNet.JwtAuth", "packages\AlmightyShogun.AspNet.JwtAuth\AlmightyShogun.AspNet.JwtAuth.csproj", "{064FE957-8883-4422-849A-A75BDD8505EC}"
EndProject
Project("{FAE04EC0-301F-11D3-BF4B-00C04F79EFBC}") = "AlmightyShogun.Resend.Utils", "packages\AlmightyShogun.Resend.Utils\AlmightyShogun.Resend.Utils.csproj", "{1DE8EC13-7875-4841-9E05-A6B027C1266D}"
EndProject
Project("{FAE04EC0-301F-11D3-BF4B-00C04F79EFBC}") = "AlmightyShogun.AspNet.Maintenance", "packages\AlmightyShogun.AspNet.Maintenance\AlmightyShogun.AspNet.Maintenance.csproj", "{A9F799FD-7FE0-437A-B5C1-6E6BC8E2D2C8}"
EndProject
Global
	GlobalSection(SolutionConfigurationPlatforms) = preSolution
		Debug|Any CPU = Debug|Any CPU
		Release|Any CPU = Release|Any CPU
	EndGlobalSection
	GlobalSection(ProjectConfigurationPlatforms) = postSolution
		{0C368E81-82A1-4816-955F-CDC1092DD18A}.Debug|Any CPU.ActiveCfg = Debug|Any CPU
		{0C368E81-82A1-4816-955F-CDC1092DD18A}.Debug|Any CPU.Build.0 = Debug|Any CPU
		{0C368E81-82A1-4816-955F-CDC1092DD18A}.Release|Any CPU.ActiveCfg = Release|Any CPU
		{0C368E81-82A1-4816-955F-CDC1092DD18A}.Release|Any CPU.Build.0 = Release|Any CPU
		{5FA5B680-428A-409C-B6B1-DF4786E45014}.Debug|Any CPU.ActiveCfg = Debug|Any CPU
		{5FA5B680-428A-409C-B6B1-DF4786E45014}.Debug|Any CPU.Build.0 = Debug|Any CPU
		{5FA5B680-428A-409C-B6B1-DF4786E45014}.Release|Any CPU.ActiveCfg = Release|Any CPU
		{5FA5B680-428A-409C-B6B1-DF4786E45014}.Release|Any CPU.Build.0 = Release|Any CPU
		{D174D8BF-793B-4BBC-B77D-A3D0B0114D56}.Debug|Any CPU.ActiveCfg = Debug|Any CPU
		{D174D8BF-793B-4BBC-B77D-A3D0B0114D56}.Debug|Any CPU.Build.0 = Debug|Any CPU
		{D174D8BF-793B-4BBC-B77D-A3D0B0114D56}.Release|Any CPU.ActiveCfg = Release|Any CPU
		{D174D8BF-793B-4BBC-B77D-A3D0B0114D56}.Release|Any CPU.Build.0 = Release|Any CPU
		{0B7D72CD-5FB3-4FB9-BBDB-C57F83EB40E3}.Debug|Any CPU.ActiveCfg = Debug|Any CPU
		{0B7D72CD-5FB3-4FB9-BBDB-C57F83EB40E3}.Debug|Any CPU.Build.0 = Debug|Any CPU
		{0B7D72CD-5FB3-4FB9-BBDB-C57F83EB40E3}.Release|Any CPU.ActiveCfg = Release|Any CPU
		{0B7D72CD-5FB3-4FB9-BBDB-C57F83EB40E3}.Release|Any CPU.Build.0 = Release|Any CPU
		{DA5B39A2-ED24-4BE7-8549-13644820F71A}.Debug|Any CPU.ActiveCfg = Debug|Any CPU
		{DA5B39A2-ED24-4BE7-8549-13644820F71A}.Debug|Any CPU.Build.0 = Debug|Any CPU
		{DA5B39A2-ED24-4BE7-8549-13644820F71A}.Release|Any CPU.ActiveCfg = Release|Any CPU
		{DA5B39A2-ED24-4BE7-8549-13644820F71A}.Release|Any CPU.Build.0 = Release|Any CPU
		{CBEF0305-01AA-40E1-AEC9-60B45491A8CD}.Debug|Any CPU.ActiveCfg = Debug|Any CPU
		{CBEF0305-01AA-40E1-AEC9-60B45491A8CD}.Debug|Any CPU.Build.0 = Debug|Any CPU
		{CBEF0305-01AA-40E1-AEC9-60B45491A8CD}.Release|Any CPU.ActiveCfg = Release|Any CPU
		{CBEF0305-01AA-40E1-AEC9-60B45491A8CD}.Release|Any CPU.Build.0 = Release|Any CPU
		{AC325276-78F1-47FA-9101-F952865FA323}.Debug|Any CPU.ActiveCfg = Debug|Any CPU
		{AC325276-78F1-47FA-9101-F952865FA323}.Debug|Any CPU.Build.0 = Debug|Any CPU
		{AC325276-78F1-47FA-9101-F952865FA323}.Release|Any CPU.ActiveCfg = Release|Any CPU
		{AC325276-78F1-47FA-9101-F952865FA323}.Release|Any CPU.Build.0 = Release|Any CPU
		{538FD222-34DF-46E5-ADD8-5606E7F2C86D}.Debug|Any CPU.ActiveCfg = Debug|Any CPU
		{538FD222-34DF-46E5-ADD8-5606E7F2C86D}.Debug|Any CPU.Build.0 = Debug|Any CPU
		{538FD222-34DF-46E5-ADD8-5606E7F2C86D}.Release|Any CPU.ActiveCfg = Release|Any CPU
		{538FD222-34DF-46E5-ADD8-5606E7F2C86D}.Release|Any CPU.Build.0 = Release|Any CPU
		{064FE957-8883-4422-849A-A75BDD8505EC}.Debug|Any CPU.ActiveCfg = Debug|Any CPU
		{064FE957-8883-4422-849A-A75BDD8505EC}.Debug|Any CPU.Build.0 = Debug|Any CPU
		{064FE957-8883-4422-849A-A75BDD8505EC}.Release|Any CPU.ActiveCfg = Release|Any CPU
		{064FE957-8883-4422-849A-A75BDD8505EC}.Release|Any CPU.Build.0 = Release|Any CPU
		{1DE8EC13-7875-4841-9E05-A6B027C1266D}.Debug|Any CPU.ActiveCfg = Debug|Any CPU
		{1DE8EC13-7875-4841-9E05-A6B027C1266D}.Debug|Any CPU.Build.0 = Debug|Any CPU
		{1DE8EC13-7875-4841-9E05-A6B027C1266D}.Release|Any CPU.ActiveCfg = Release|Any CPU
		{1DE8EC13-7875-4841-9E05-A6B027C1266D}.Release|Any CPU.Build.0 = Release|Any CPU
		{A9F799FD-7FE0-437A-B5C1-6E6BC8E2D2C8}.Debug|Any CPU.ActiveCfg = Debug|Any CPU
		{A9F799FD-7FE0-437A-B5C1-6E6BC8E2D2C8}.Debug|Any CPU.Build.0 = Debug|Any CPU
		{A9F799FD-7FE0-437A-B5C1-6E6BC8E2D2C8}.Release|Any CPU.ActiveCfg = Release|Any CPU
		{A9F799FD-7FE0-437A-B5C1-6E6BC8E2D2C8}.Release|Any CPU.Build.0 = Release|Any CPU
	EndGlobalSection
EndGlobal
